lockfileVersion: '9.0'

settings:
  autoInstallPeers: true
  excludeLinksFromLockfile: false

importers:

  .:
    dependencies:
      '@bufbuild/protobuf':
        specifier: ^2.11.0
        version: 2.11.0
      google-protobuf:
        specifier: ^4.0.1
        version: 4.0.1
    devDependencies:
      typescript:
        specifier: ^5.0.0
        version: 5.9.3

packages:

  '@bufbuild/protobuf@2.11.0':
    resolution: {integrity: sha512-sBXGT13cpmPR5BMgHE6UEEfEaShh5Ror6rfN3yEK5si7QVrtZg8LEPQb0VVhiLRUslD2yLnXtnRzG035J/mZXQ==}

  google-protobuf@4.0.1:
    resolution: {integrity: sha512-0I4mx3UtAwpcc8l9Ds5gHcwV2FyPdwvxxBcor8LusE4b6PjoFxEngZRBepjvuQ4B0eZ2iu/Vezh8oRsnpJ9UGA==}

  typescript@5.9.3:
    resolution: {integrity: sha512-jl1vZzPDinLr9eUt3J/t7V6FgNEw9QjvBPdysz9KfQDD41fQrC2Y4vKQdiaUpFT4bXlb1RHhLpp8wtm6M5TgSw==}
    engines: {node: '>=14.17'}
    hasBin: true

snapshots:

  '@bufbuild/protobuf@2.11.0': {}

  google-protobuf@4.0.1: {}

  typescript@5.9.3: {}
